// !$*UTF8*$!
{
	archiveVersion = 1;
	classes = {
	};
	objectVersion = 56;
	objects = {

/* Begin PBXBuildFile section */
		2BF359314F7B720BAA22E79D /* libPods-Sheep.a in Frameworks */ = {isa = PBXBuildFile; fileRef = B762D056DB33E36E4DD237DE /* libPods-Sheep.a */; };
		410ECC1829649C7800B511D3 /* DiaryContentView.swift in Sources */ = {isa = PBXBuildFile; fileRef = 410ECC1729649C7800B511D3 /* DiaryContentView.swift */; };
		41400A60296002B500BA0948 /* SheepApp.swift in Sources */ = {isa = PBXBuildFile; fileRef = 41400A5F296002B500BA0948 /* SheepApp.swift */; };
		41434A0929632AB300ADAC31 /* TodoListViewModel.swift in Sources */ = {isa = PBXBuildFile; fileRef = 41434A0129632AB300ADAC31 /* TodoListViewModel.swift */; };
		41434A0A29632AB300ADAC31 /* TodoListInfo.swift in Sources */ = {isa = PBXBuildFile; fileRef = 41434A0329632AB300ADAC31 /* TodoListInfo.swift */; };
		41434A0C29632AB300ADAC31 /* AddEditTodoView.swift in Sources */ = {isa = PBXBuildFile; fileRef = 41434A0629632AB300ADAC31 /* AddEditTodoView.swift */; };
		41434A0D29632AB300ADAC31 /* TodoListView.swift in Sources */ = {isa = PBXBuildFile; fileRef = 41434A0729632AB300ADAC31 /* TodoListView.swift */; };
		41434A0E29632AB300ADAC31 /* ListItemView.swift in Sources */ = {isa = PBXBuildFile; fileRef = 41434A0829632AB300ADAC31 /* ListItemView.swift */; };
		4160E3AC29783E260000F4CA /* ActivityView in Frameworks */ = {isa = PBXBuildFile; productRef = 4160E3AB29783E260000F4CA /* ActivityView */; };
		416EE110296B2FA4007C9CB7 /* NoSheepShareView.swift in Sources */ = {isa = PBXBuildFile; fileRef = 416EE10F296B2FA4007C9CB7 /* NoSheepShareView.swift */; };
		416EE112296B2FDF007C9CB7 /* SheepShareView.swift in Sources */ = {isa = PBXBuildFile; fileRef = 416EE111296B2FDF007C9CB7 /* SheepShareView.swift */; };
		416EE114296B2FF0007C9CB7 /* FakeSheepShareView.swift in Sources */ = {isa = PBXBuildFile; fileRef = 416EE113296B2FF0007C9CB7 /* FakeSheepShareView.swift */; };
		416EE116296B2FFE007C9CB7 /* DiaryListShareView.swift in Sources */ = {isa = PBXBuildFile; fileRef = 416EE115296B2FFE007C9CB7 /* DiaryListShareView.swift */; };
		417566A72965D79800BB118C /* NativeContentView.swift in Sources */ = {isa = PBXBuildFile; fileRef = 417566A52965D79700BB118C /* NativeContentView.swift */; };
		417566A82965D79800BB118C /* NativeAdView.xib in Resources */ = {isa = PBXBuildFile; fileRef = 417566A62965D79700BB118C /* NativeAdView.xib */; };
		417597CF2965BDA500A60844 /* BannerAd.swift in Sources */ = {isa = PBXBuildFile; fileRef = 417597CE2965BDA500A60844 /* BannerAd.swift */; };
		418A0E7F297588AE00F02A3A /* Localizable.strings in Resources */ = {isa = PBXBuildFile; fileRef = 418A0E81297588AE00F02A3A /* Localizable.strings */; };
		41AE49FF29746F8F00A206C5 /* SymptonView.swift in Sources */ = {isa = PBXBuildFile; fileRef = 41AE49FE29746F8F00A206C5 /* SymptonView.swift */; };
		41AE4A022975441E00A206C5 /* WrappingStack in Frameworks */ = {isa = PBXBuildFile; productRef = 41AE4A012975441E00A206C5 /* WrappingStack */; };
		41B221AE295DB6B400B55487 /* ContentView.swift in Sources */ = {isa = PBXBuildFile; fileRef = 41B221AD295DB6B400B55487 /* ContentView.swift */; };
		41B221B0295DB6B600B55487 /* Assets.xcassets in Resources */ = {isa = PBXBuildFile; fileRef = 41B221AF295DB6B600B55487 /* Assets.xcassets */; };
		41B221B3295DB6B600B55487 /* Preview Assets.xcassets in Resources */ = {isa = PBXBuildFile; fileRef = 41B221B2295DB6B600B55487 /* Preview Assets.xcassets */; };
		41B221B5295DB6B600B55487 /* Persistence.swift in Sources */ = {isa = PBXBuildFile; fileRef = 41B221B4295DB6B600B55487 /* Persistence.swift */; };
		41B221B8295DB6B600B55487 /* Sheep.xcdatamodeld in Sources */ = {isa = PBXBuildFile; fileRef = 41B221B6295DB6B600B55487 /* Sheep.xcdatamodeld */; };
		41B221C3295DB6B700B55487 /* SheepTests.swift in Sources */ = {isa = PBXBuildFile; fileRef = 41B221C2295DB6B700B55487 /* SheepTests.swift */; };
		41B221CD295DB6B700B55487 /* SheepUITests.swift in Sources */ = {isa = PBXBuildFile; fileRef = 41B221CC295DB6B700B55487 /* SheepUITests.swift */; };
		41B221CF295DB6B700B55487 /* SheepUITestsLaunchTests.swift in Sources */ = {isa = PBXBuildFile; fileRef = 41B221CE295DB6B700B55487 /* SheepUITestsLaunchTests.swift */; };
		41B221DC295DF8B300B55487 /* NoSheepView.swift in Sources */ = {isa = PBXBuildFile; fileRef = 41B221DB295DF8B300B55487 /* NoSheepView.swift */; };
		41B221DE295DF91800B55487 /* FakeSheepView.swift in Sources */ = {isa = PBXBuildFile; fileRef = 41B221DD295DF91800B55487 /* FakeSheepView.swift */; };
		41B221E0295E82FD00B55487 /* SheepView.swift in Sources */ = {isa = PBXBuildFile; fileRef = 41B221DF295E82FD00B55487 /* SheepView.swift */; };
		41BDFB582973130D00859643 /* ScreenshotableView in Frameworks */ = {isa = PBXBuildFile; productRef = 41BDFB572973130D00859643 /* ScreenshotableView */; };
		41C5FAAF2976F741004AAA53 /* DiaryShareView.swift in Sources */ = {isa = PBXBuildFile; fileRef = 41C5FAAE2976F741004AAA53 /* DiaryShareView.swift */; };
		41C5FAB12976FDD9004AAA53 /* Launch Screen.storyboard in Resources */ = {isa = PBXBuildFile; fileRef = 41C5FAB02976FDD9004AAA53 /* Launch Screen.storyboard */; };
		41C81B8E29799EF700A19267 /* AboutView.swift in Sources */ = {isa = PBXBuildFile; fileRef = 41C81B8D29799EF700A19267 /* AboutView.swift */; };
		41DC95D12967187A00E6499D /* ShareContentView.swift in Sources */ = {isa = PBXBuildFile; fileRef = 41DC95D02967187A00E6499D /* ShareContentView.swift */; };
		41FF6D76297EF24500607B74 /* IAPManager.swift in Sources */ = {isa = PBXBuildFile; fileRef = 41FF6D75297EF24500607B74 /* IAPManager.swift */; };
		41FF6D82297F8D2E00607B74 /* Products.plist in Resources */ = {isa = PBXBuildFile; fileRef = 41FF6D81297F8D2E00607B74 /* Products.plist */; };
/* End PBXBuildFile section */

/* Begin PBXContainerItemProxy section */
		41B221BF295DB6B700B55487 /* PBXContainerItemProxy */ = {
			isa = PBXContainerItemProxy;
			containerPortal = 41B221A0295DB6B400B55487 /* Project object */;
			proxyType = 1;
			remoteGlobalIDString = 41B221A7295DB6B400B55487;
			remoteInfo = Sheep;
		};
		41B221C9295DB6B700B55487 /* PBXContainerItemProxy */ = {
			isa = PBXContainerItemProxy;
			containerPortal = 41B221A0295DB6B400B55487 /* Project object */;
			proxyType = 1;
			remoteGlobalIDString = 41B221A7295DB6B400B55487;
			remoteInfo = Sheep;
		};
/* End PBXContainerItemProxy section */

/* Begin PBXFileReference section */
		026B69C8C0C7E1348E31908D /* Pods-Sheep.release.xcconfig */ = {isa = PBXFileReference; includeInIndex = 1; lastKnownFileType = text.xcconfig; name = "Pods-Sheep.release.xcconfig"; path = "Target Support Files/Pods-Sheep/Pods-Sheep.release.xcconfig"; sourceTree = "<group>"; };
		410ECC1729649C7800B511D3 /* DiaryContentView.swift */ = {isa = PBXFileReference; lastKnownFileType = sourcecode.swift; path = DiaryContentView.swift; sourceTree = "<group>"; };
		4121B5B92965430D00518BD0 /* Info.plist */ = {isa = PBXFileReference; lastKnownFileType = text.plist.xml; path = Info.plist; sourceTree = "<group>"; };
		41400A5F296002B500BA0948 /* SheepApp.swift */ = {isa = PBXFileReference; fileEncoding = 4; lastKnownFileType = sourcecode.swift; path = SheepApp.swift; sourceTree = "<group>"; };
		41400A61296002E400BA0948 /* Sheep.entitlements */ = {isa = PBXFileReference; fileEncoding = 4; lastKnownFileType = text.plist.entitlements; path = Sheep.entitlements; sourceTree = "<group>"; };
		41434A0129632AB300ADAC31 /* TodoListViewModel.swift */ = {isa = PBXFileReference; fileEncoding = 4; lastKnownFileType = sourcecode.swift; path = TodoListViewModel.swift; sourceTree = "<group>"; };
		41434A0329632AB300ADAC31 /* TodoListInfo.swift */ = {isa = PBXFileReference; fileEncoding = 4; lastKnownFileType = sourcecode.swift; path = TodoListInfo.swift; sourceTree = "<group>"; };
		41434A0629632AB300ADAC31 /* AddEditTodoView.swift */ = {isa = PBXFileReference; fileEncoding = 4; lastKnownFileType = sourcecode.swift; path = AddEditTodoView.swift; sourceTree = "<group>"; };
		41434A0729632AB300ADAC31 /* TodoListView.swift */ = {isa = PBXFileReference; fileEncoding = 4; lastKnownFileType = sourcecode.swift; path = TodoListView.swift; sourceTree = "<group>"; };
		41434A0829632AB300ADAC31 /* ListItemView.swift */ = {isa = PBXFileReference; fileEncoding = 4; lastKnownFileType = sourcecode.swift; path = ListItemView.swift; sourceTree = "<group>"; };
		416EE10F296B2FA4007C9CB7 /* NoSheepShareView.swift */ = {isa = PBXFileReference; lastKnownFileType = sourcecode.swift; path = NoSheepShareView.swift; sourceTree = "<group>"; };
		416EE111296B2FDF007C9CB7 /* SheepShareView.swift */ = {isa = PBXFileReference; lastKnownFileType = sourcecode.swift; path = SheepShareView.swift; sourceTree = "<group>"; };
		416EE113296B2FF0007C9CB7 /* FakeSheepShareView.swift */ = {isa = PBXFileReference; lastKnownFileType = sourcecode.swift; path = FakeSheepShareView.swift; sourceTree = "<group>"; };
		416EE115296B2FFE007C9CB7 /* DiaryListShareView.swift */ = {isa = PBXFileReference; lastKnownFileType = sourcecode.swift; path = DiaryListShareView.swift; sourceTree = "<group>"; };
		417566A52965D79700BB118C /* NativeContentView.swift */ = {isa = PBXFileReference; fileEncoding = 4; lastKnownFileType = sourcecode.swift; path = NativeContentView.swift; sourceTree = "<group>"; };
		417566A62965D79700BB118C /* NativeAdView.xib */ = {isa = PBXFileReference; fileEncoding = 4; lastKnownFileType = file.xib; path = NativeAdView.xib; sourceTree = "<group>"; };
		417597CE2965BDA500A60844 /* BannerAd.swift */ = {isa = PBXFileReference; lastKnownFileType = sourcecode.swift; path = BannerAd.swift; sourceTree = "<group>"; };
		418A0E80297588AE00F02A3A /* zh-Hans */ = {isa = PBXFileReference; lastKnownFileType = text.plist.strings; name = "zh-Hans"; path = "zh-Hans.lproj/Localizable.strings"; sourceTree = "<group>"; };
		418A0E82297588B000F02A3A /* zh-Hant */ = {isa = PBXFileReference; lastKnownFileType = text.plist.strings; name = "zh-Hant"; path = "zh-Hant.lproj/Localizable.strings"; sourceTree = "<group>"; };
		418A0E8329759E0A00F02A3A /* zh-HK */ = {isa = PBXFileReference; lastKnownFileType = text.plist.strings; name = "zh-HK"; path = "zh-HK.lproj/Localizable.strings"; sourceTree = "<group>"; };
		41AE49FE29746F8F00A206C5 /* SymptonView.swift */ = {isa = PBXFileReference; lastKnownFileType = sourcecode.swift; path = SymptonView.swift; sourceTree = "<group>"; };
		41B221A8295DB6B400B55487 /* Sheep.app */ = {isa = PBXFileReference; explicitFileType = wrapper.application; includeInIndex = 0; path = Sheep.app; sourceTree = BUILT_PRODUCTS_DIR; };
		41B221AD295DB6B400B55487 /* ContentView.swift */ = {isa = PBXFileReference; lastKnownFileType = sourcecode.swift; path = ContentView.swift; sourceTree = "<group>"; };
		41B221AF295DB6B600B55487 /* Assets.xcassets */ = {isa = PBXFileReference; lastKnownFileType = folder.assetcatalog; path = Assets.xcassets; sourceTree = "<group>"; };
		41B221B2295DB6B600B55487 /* Preview Assets.xcassets */ = {isa = PBXFileReference; lastKnownFileType = folder.assetcatalog; path = "Preview Assets.xcassets"; sourceTree = "<group>"; };
		41B221B4295DB6B600B55487 /* Persistence.swift */ = {isa = PBXFileReference; lastKnownFileType = sourcecode.swift; path = Persistence.swift; sourceTree = "<group>"; };
		41B221B7295DB6B600B55487 /* Sheep.xcdatamodel */ = {isa = PBXFileReference; lastKnownFileType = wrapper.xcdatamodel; path = Sheep.xcdatamodel; sourceTree = "<group>"; };
		41B221BE295DB6B700B55487 /* SheepTests.xctest */ = {isa = PBXFileReference; explicitFileType = wrapper.cfbundle; includeInIndex = 0; path = SheepTests.xctest; sourceTree = BUILT_PRODUCTS_DIR; };
		41B221C2295DB6B700B55487 /* SheepTests.swift */ = {isa = PBXFileReference; lastKnownFileType = sourcecode.swift; path = SheepTests.swift; sourceTree = "<group>"; };
		41B221C8295DB6B700B55487 /* SheepUITests.xctest */ = {isa = PBXFileReference; explicitFileType = wrapper.cfbundle; includeInIndex = 0; path = SheepUITests.xctest; sourceTree = BUILT_PRODUCTS_DIR; };
		41B221CC295DB6B700B55487 /* SheepUITests.swift */ = {isa = PBXFileReference; lastKnownFileType = sourcecode.swift; path = SheepUITests.swift; sourceTree = "<group>"; };
		41B221CE295DB6B700B55487 /* SheepUITestsLaunchTests.swift */ = {isa = PBXFileReference; lastKnownFileType = sourcecode.swift; path = SheepUITestsLaunchTests.swift; sourceTree = "<group>"; };
		41B221DB295DF8B300B55487 /* NoSheepView.swift */ = {isa = PBXFileReference; lastKnownFileType = sourcecode.swift; path = NoSheepView.swift; sourceTree = "<group>"; };
		41B221DD295DF91800B55487 /* FakeSheepView.swift */ = {isa = PBXFileReference; lastKnownFileType = sourcecode.swift; path = FakeSheepView.swift; sourceTree = "<group>"; };
		41B221DF295E82FD00B55487 /* SheepView.swift */ = {isa = PBXFileReference; lastKnownFileType = sourcecode.swift; path = SheepView.swift; sourceTree = "<group>"; };
		41C5FAAE2976F741004AAA53 /* DiaryShareView.swift */ = {isa = PBXFileReference; lastKnownFileType = sourcecode.swift; path = DiaryShareView.swift; sourceTree = "<group>"; };
		41C5FAB02976FDD9004AAA53 /* Launch Screen.storyboard */ = {isa = PBXFileReference; lastKnownFileType = file.storyboard; path = "Launch Screen.storyboard"; sourceTree = "<group>"; };
		41C81B8C2979879800A19267 /* UpdateLog.md */ = {isa = PBXFileReference; lastKnownFileType = net.daringfireball.markdown; path = UpdateLog.md; sourceTree = "<group>"; };
		41C81B8D29799EF700A19267 /* AboutView.swift */ = {isa = PBXFileReference; lastKnownFileType = sourcecode.swift; path = AboutView.swift; sourceTree = "<group>"; };
		41DC95D02967187A00E6499D /* ShareContentView.swift */ = {isa = PBXFileReference; lastKnownFileType = sourcecode.swift; path = ShareContentView.swift; sourceTree = "<group>"; };
		41FF6D75297EF24500607B74 /* IAPManager.swift */ = {isa = PBXFileReference; fileEncoding = 4; lastKnownFileType = sourcecode.swift; path = IAPManager.swift; sourceTree = "<group>"; };
		41FF6D81297F8D2E00607B74 /* Products.plist */ = {isa = PBXFileReference; fileEncoding = 4; lastKnownFileType = text.plist.xml; path = Products.plist; sourceTree = "<group>"; };
		41FF6D83297F8D9F00607B74 /* Products.storekit */ = {isa = PBXFileReference; lastKnownFileType = text; path = Products.storekit; sourceTree = "<group>"; };
		B4F0F2F12CE42B23D3FA01FB /* Pods-Sheep.debug.xcconfig */ = {isa = PBXFileReference; includeInIndex = 1; lastKnownFileType = text.xcconfig; name = "Pods-Sheep.debug.xcconfig"; path = "Target Support Files/Pods-Sheep/Pods-Sheep.debug.xcconfig"; sourceTree = "<group>"; };
		B762D056DB33E36E4DD237DE /* libPods-Sheep.a */ = {isa = PBXFileReference; explicitFileType = archive.ar; includeInIndex = 0; path = "libPods-Sheep.a"; sourceTree = BUILT_PRODUCTS_DIR; };
/* End PBXFileReference section */

/* Begin PBXFrameworksBuildPhase section */
		41B221A5295DB6B400B55487 /* Frameworks */ = {
			isa = PBXFrameworksBuildPhase;
			buildActionMask = 2147483647;
			files = (
				4160E3AC29783E260000F4CA /* ActivityView in Frameworks */,
				41AE4A022975441E00A206C5 /* WrappingStack in Frameworks */,
				2BF359314F7B720BAA22E79D /* libPods-Sheep.a in Frameworks */,
				41BDFB582973130D00859643 /* ScreenshotableView in Frameworks */,
			);
			runOnlyForDeploymentPostprocessing = 0;
		};
		41B221BB295DB6B700B55487 /* Frameworks */ = {
			isa = PBXFrameworksBuildPhase;
			buildActionMask = 2147483647;
			files = (
			);
			runOnlyForDeploymentPostprocessing = 0;
		};
		41B221C5295DB6B700B55487 /* Frameworks */ = {
			isa = PBXFrameworksBuildPhase;
			buildActionMask = 2147483647;
			files = (
			);
			runOnlyForDeploymentPostprocessing = 0;
		};
/* End PBXFrameworksBuildPhase section */

/* Begin PBXGroup section */
		19D34168001DFB0E76C54E41 /* Frameworks */ = {
			isa = PBXGroup;
			children = (
				B762D056DB33E36E4DD237DE /* libPods-Sheep.a */,
			);
			name = Frameworks;
			sourceTree = "<group>";
		};
		414349FF29632AB300ADAC31 /* Diary */ = {
			isa = PBXGroup;
			children = (
				41434A0029632AB300ADAC31 /* ViewModel */,
				41434A0229632AB300ADAC31 /* Model */,
				41434A0529632AB300ADAC31 /* View */,
			);
			path = Diary;
			sourceTree = "<group>";
		};
		41434A0029632AB300ADAC31 /* ViewModel */ = {
			isa = PBXGroup;
			children = (
				41434A0129632AB300ADAC31 /* TodoListViewModel.swift */,
			);
			path = ViewModel;
			sourceTree = "<group>";
		};
		41434A0229632AB300ADAC31 /* Model */ = {
			isa = PBXGroup;
			children = (
				41434A0329632AB300ADAC31 /* TodoListInfo.swift */,
			);
			path = Model;
			sourceTree = "<group>";
		};
		41434A0529632AB300ADAC31 /* View */ = {
			isa = PBXGroup;
			children = (
				41434A0629632AB300ADAC31 /* AddEditTodoView.swift */,
				410ECC1729649C7800B511D3 /* DiaryContentView.swift */,
				41AE49FE29746F8F00A206C5 /* SymptonView.swift */,
				41434A0729632AB300ADAC31 /* TodoListView.swift */,
				41434A0829632AB300ADAC31 /* ListItemView.swift */,
			);
			path = View;
			sourceTree = "<group>";
		};
		41434A0F29632AC800ADAC31 /* MainViews */ = {
			isa = PBXGroup;
			children = (
				41B221DB295DF8B300B55487 /* NoSheepView.swift */,
				41B221DF295E82FD00B55487 /* SheepView.swift */,
				41B221DD295DF91800B55487 /* FakeSheepView.swift */,
				41C81B8D29799EF700A19267 /* AboutView.swift */,
			);
			path = MainViews;
			sourceTree = "<group>";
		};
		416EE10E296B2F80007C9CB7 /* ShareViews */ = {
			isa = PBXGroup;
			children = (
				41DC95D02967187A00E6499D /* ShareContentView.swift */,
				416EE10F296B2FA4007C9CB7 /* NoSheepShareView.swift */,
				416EE111296B2FDF007C9CB7 /* SheepShareView.swift */,
				416EE113296B2FF0007C9CB7 /* FakeSheepShareView.swift */,
				416EE115296B2FFE007C9CB7 /* DiaryListShareView.swift */,
				41C5FAAE2976F741004AAA53 /* DiaryShareView.swift */,
			);
			path = ShareViews;
			sourceTree = "<group>";
		};
		417597CD2965BD6D00A60844 /* Ads */ = {
			isa = PBXGroup;
			children = (
				417566A62965D79700BB118C /* NativeAdView.xib */,
				417566A52965D79700BB118C /* NativeContentView.swift */,
				417597CE2965BDA500A60844 /* BannerAd.swift */,
			);
			path = Ads;
			sourceTree = "<group>";
		};
		41B2219F295DB6B400B55487 = {
			isa = PBXGroup;
			children = (
				41B221AA295DB6B400B55487 /* Sheep */,
				41B221C1295DB6B700B55487 /* SheepTests */,
				41B221CB295DB6B700B55487 /* SheepUITests */,
				41B221A9295DB6B400B55487 /* Products */,
				BE6174B1DAF1C77BFB1D8B10 /* Pods */,
				19D34168001DFB0E76C54E41 /* Frameworks */,
			);
			sourceTree = "<group>";
		};
		41B221A9295DB6B400B55487 /* Products */ = {
			isa = PBXGroup;
			children = (
				41B221A8295DB6B400B55487 /* Sheep.app */,
				41B221BE295DB6B700B55487 /* SheepTests.xctest */,
				41B221C8295DB6B700B55487 /* SheepUITests.xctest */,
			);
			name = Products;
			sourceTree = "<group>";
		};
		41B221AA295DB6B400B55487 /* Sheep */ = {
			isa = PBXGroup;
			children = (
				41E737FB297AC4AF008A3217 /* IAP */,
				41C5FAB02976FDD9004AAA53 /* Launch Screen.storyboard */,
				416EE10E296B2F80007C9CB7 /* ShareViews */,
				417597CD2965BD6D00A60844 /* Ads */,
				4121B5B92965430D00518BD0 /* Info.plist */,
				41434A0F29632AC800ADAC31 /* MainViews */,
				414349FF29632AB300ADAC31 /* Diary */,
				41400A5F296002B500BA0948 /* SheepApp.swift */,
				41400A61296002E400BA0948 /* Sheep.entitlements */,
				41B221AD295DB6B400B55487 /* ContentView.swift */,
				41B221AF295DB6B600B55487 /* Assets.xcassets */,
				41B221B4295DB6B600B55487 /* Persistence.swift */,
				41B221B6295DB6B600B55487 /* Sheep.xcdatamodeld */,
				41B221B1295DB6B600B55487 /* Preview Content */,
				418A0E81297588AE00F02A3A /* Localizable.strings */,
				41C81B8C2979879800A19267 /* UpdateLog.md */,
			);
			path = Sheep;
			sourceTree = "<group>";
		};
		41B221B1295DB6B600B55487 /* Preview Content */ = {
			isa = PBXGroup;
			children = (
				41B221B2295DB6B600B55487 /* Preview Assets.xcassets */,
			);
			path = "Preview Content";
			sourceTree = "<group>";
		};
		41B221C1295DB6B700B55487 /* SheepTests */ = {
			isa = PBXGroup;
			children = (
				41B221C2295DB6B700B55487 /* SheepTests.swift */,
			);
			path = SheepTests;
			sourceTree = "<group>";
		};
		41B221CB295DB6B700B55487 /* SheepUITests */ = {
			isa = PBXGroup;
			children = (
				41B221CC295DB6B700B55487 /* SheepUITests.swift */,
				41B221CE295DB6B700B55487 /* SheepUITestsLaunchTests.swift */,
			);
			path = SheepUITests;
			sourceTree = "<group>";
		};
		41E737FB297AC4AF008A3217 /* IAP */ = {
			isa = PBXGroup;
			children = (
				41FF6D81297F8D2E00607B74 /* Products.plist */,
				41FF6D75297EF24500607B74 /* IAPManager.swift */,
				41FF6D83297F8D9F00607B74 /* Products.storekit */,
			);
			path = IAP;
			sourceTree = "<group>";
		};
		BE6174B1DAF1C77BFB1D8B10 /* Pods */ = {
			isa = PBXGroup;
			children = (
				B4F0F2F12CE42B23D3FA01FB /* Pods-Sheep.debug.xcconfig */,
				026B69C8C0C7E1348E31908D /* Pods-Sheep.release.xcconfig */,
			);
			path = Pods;
			sourceTree = "<group>";
		};
/* End PBXGroup section */

/* Begin PBXNativeTarget section */
		41B221A7295DB6B400B55487 /* Sheep */ = {
			isa = PBXNativeTarget;
			buildConfigurationList = 41B221D2295DB6B700B55487 /* Build configuration list for PBXNativeTarget "Sheep" */;
			buildPhases = (
				ED873C199F4DB9D61FD4CEAF /* [CP] Check Pods Manifest.lock */,
				41B221A4295DB6B400B55487 /* Sources */,
				41B221A5295DB6B400B55487 /* Frameworks */,
				41B221A6295DB6B400B55487 /* Resources */,
			);
			buildRules = (
			);
			dependencies = (
			);
			name = Sheep;
			packageProductDependencies = (
				41BDFB572973130D00859643 /* ScreenshotableView */,
				41AE4A012975441E00A206C5 /* WrappingStack */,
				4160E3AB29783E260000F4CA /* ActivityView */,
			);
			productName = Sheep;
			productReference = 41B221A8295DB6B400B55487 /* Sheep.app */;
			productType = "com.apple.product-type.application";
		};
		41B221BD295DB6B700B55487 /* SheepTests */ = {
			isa = PBXNativeTarget;
			buildConfigurationList = 41B221D5295DB6B700B55487 /* Build configuration list for PBXNativeTarget "SheepTests" */;
			buildPhases = (
				41B221BA295DB6B700B55487 /* Sources */,
				41B221BB295DB6B700B55487 /* Frameworks */,
				41B221BC295DB6B700B55487 /* Resources */,
			);
			buildRules = (
			);
			dependencies = (
				41B221C0295DB6B700B55487 /* PBXTargetDependency */,
			);
			name = SheepTests;
			productName = SheepTests;
			productReference = 41B221BE295DB6B700B55487 /* SheepTests.xctest */;
			productType = "com.apple.product-type.bundle.unit-test";
		};
		41B221C7295DB6B700B55487 /* SheepUITests */ = {
			isa = PBXNativeTarget;
			buildConfigurationList = 41B221D8295DB6B700B55487 /* Build configuration list for PBXNativeTarget "SheepUITests" */;
			buildPhases = (
				41B221C4295DB6B700B55487 /* Sources */,
				41B221C5295DB6B700B55487 /* Frameworks */,
				41B221C6295DB6B700B55487 /* Resources */,
			);
			buildRules = (
			);
			dependencies = (
				41B221CA295DB6B700B55487 /* PBXTargetDependency */,
			);
			name = SheepUITests;
			productName = SheepUITests;
			productReference = 41B221C8295DB6B700B55487 /* SheepUITests.xctest */;
			productType = "com.apple.product-type.bundle.ui-testing";
		};
/* End PBXNativeTarget section */

/* Begin PBXProject section */
		41B221A0295DB6B400B55487 /* Project object */ = {
			isa = PBXProject;
			attributes = {
				BuildIndependentTargetsInParallel = 1;
				LastSwiftUpdateCheck = 1420;
				LastUpgradeCheck = 1420;
				TargetAttributes = {
					41B221A7295DB6B400B55487 = {
						CreatedOnToolsVersion = 14.2;
						LastSwiftMigration = 1420;
					};
					41B221BD295DB6B700B55487 = {
						CreatedOnToolsVersion = 14.2;
						TestTargetID = 41B221A7295DB6B400B55487;
					};
					41B221C7295DB6B700B55487 = {
						CreatedOnToolsVersion = 14.2;
						TestTargetID = 41B221A7295DB6B400B55487;
					};
				};
			};
			buildConfigurationList = 41B221A3295DB6B400B55487 /* Build configuration list for PBXProject "Sheep" */;
			compatibilityVersion = "Xcode 14.0";
			developmentRegion = en;
			hasScannedForEncodings = 0;
			knownRegions = (
				en,
				"zh-Hans",
				"zh-Hant",
				Base,
				"zh-HK",
			);
			mainGroup = 41B2219F295DB6B400B55487;
			packageReferences = (
				41BDFB562973130D00859643 /* XCRemoteSwiftPackageReference "ScreenshotableView" */,
				41AE4A002975441E00A206C5 /* XCRemoteSwiftPackageReference "swiftui-wrapping-stack" */,
				4160E3AA29783E260000F4CA /* XCRemoteSwiftPackageReference "ActivityView" */,
			);
			productRefGroup = 41B221A9295DB6B400B55487 /* Products */;
			projectDirPath = "";
			projectRoot = "";
			targets = (
				41B221A7295DB6B400B55487 /* Sheep */,
				41B221BD295DB6B700B55487 /* SheepTests */,
				41B221C7295DB6B700B55487 /* SheepUITests */,
			);
		};
/* End PBXProject section */

/* Begin PBXResourcesBuildPhase section */
		41B221A6295DB6B400B55487 /* Resources */ = {
			isa = PBXResourcesBuildPhase;
			buildActionMask = 2147483647;
			files = (
				41B221B3295DB6B600B55487 /* Preview Assets.xcassets in Resources */,
				418A0E7F297588AE00F02A3A /* Localizable.strings in Resources */,
				41FF6D82297F8D2E00607B74 /* Products.plist in Resources */,
				417566A82965D79800BB118C /* NativeAdView.xib in Resources */,
				41C5FAB12976FDD9004AAA53 /* Launch Screen.storyboard in Resources */,
				41B221B0295DB6B600B55487 /* Assets.xcassets in Resources */,
			);
			runOnlyForDeploymentPostprocessing = 0;
		};
		41B221BC295DB6B700B55487 /* Resources */ = {
			isa = PBXResourcesBuildPhase;
			buildActionMask = 2147483647;
			files = (
			);
			runOnlyForDeploymentPostprocessing = 0;
		};
		41B221C6295DB6B700B55487 /* Resources */ = {
			isa = PBXResourcesBuildPhase;
			buildActionMask = 2147483647;
			files = (
			);
			runOnlyForDeploymentPostprocessing = 0;
		};
/* End PBXResourcesBuildPhase section */

/* Begin PBXShellScriptBuildPhase section */
		ED873C199F4DB9D61FD4CEAF /* [CP] Check Pods Manifest.lock */ = {
			isa = PBXShellScriptBuildPhase;
			buildActionMask = 2147483647;
			files = (
			);
			inputFileListPaths = (
			);
			inputPaths = (
				"${PODS_PODFILE_DIR_PATH}/Podfile.lock",
				"${PODS_ROOT}/Manifest.lock",
			);
			name = "[CP] Check Pods Manifest.lock";
			outputFileListPaths = (
			);
			outputPaths = (
				"$(DERIVED_FILE_DIR)/Pods-Sheep-checkManifestLockResult.txt",
			);
			runOnlyForDeploymentPostprocessing = 0;
			shellPath = /bin/sh;
			shellScript = "diff \"${PODS_PODFILE_DIR_PATH}/Podfile.lock\" \"${PODS_ROOT}/Manifest.lock\" > /dev/null\nif [ $? != 0 ] ; then\n    # print error to STDERR\n    echo \"error: The sandbox is not in sync with the Podfile.lock. Run 'pod install' or update your CocoaPods installation.\" >&2\n    exit 1\nfi\n# This output is used by Xcode 'outputs' to avoid re-running this script phase.\necho \"SUCCESS\" > \"${SCRIPT_OUTPUT_FILE_0}\"\n";
			showEnvVarsInLog = 0;
		};
/* End PBXShellScriptBuildPhase section */

/* Begin PBXSourcesBuildPhase section */
		41B221A4295DB6B400B55487 /* Sources */ = {
			isa = PBXSourcesBuildPhase;
			buildActionMask = 2147483647;
			files = (
				41FF6D76297EF24500607B74 /* IAPManager.swift in Sources */,
				41C5FAAF2976F741004AAA53 /* DiaryShareView.swift in Sources */,
				41434A0929632AB300ADAC31 /* TodoListViewModel.swift in Sources */,
				41AE49FF29746F8F00A206C5 /* SymptonView.swift in Sources */,
				41434A0E29632AB300ADAC31 /* ListItemView.swift in Sources */,
				416EE110296B2FA4007C9CB7 /* NoSheepShareView.swift in Sources */,
				417566A72965D79800BB118C /* NativeContentView.swift in Sources */,
				41434A0A29632AB300ADAC31 /* TodoListInfo.swift in Sources */,
				41434A0D29632AB300ADAC31 /* TodoListView.swift in Sources */,
				416EE116296B2FFE007C9CB7 /* DiaryListShareView.swift in Sources */,
				416EE114296B2FF0007C9CB7 /* FakeSheepShareView.swift in Sources */,
				41400A60296002B500BA0948 /* SheepApp.swift in Sources */,
				410ECC1829649C7800B511D3 /* DiaryContentView.swift in Sources */,
				41434A0C29632AB300ADAC31 /* AddEditTodoView.swift in Sources */,
				41C81B8E29799EF700A19267 /* AboutView.swift in Sources */,
				41B221B5295DB6B600B55487 /* Persistence.swift in Sources */,
				416EE112296B2FDF007C9CB7 /* SheepShareView.swift in Sources */,
				417597CF2965BDA500A60844 /* BannerAd.swift in Sources */,
				41DC95D12967187A00E6499D /* ShareContentView.swift in Sources */,
				41B221DE295DF91800B55487 /* FakeSheepView.swift in Sources */,
				41B221AE295DB6B400B55487 /* ContentView.swift in Sources */,
				41B221E0295E82FD00B55487 /* SheepView.swift in Sources */,
				41B221DC295DF8B300B55487 /* NoSheepView.swift in Sources */,
				41B221B8295DB6B600B55487 /* Sheep.xcdatamodeld in Sources */,
			);
			runOnlyForDeploymentPostprocessing = 0;
		};
		41B221BA295DB6B700B55487 /* Sources */ = {
			isa = PBXSourcesBuildPhase;
			buildActionMask = 2147483647;
			files = (
				41B221C3295DB6B700B55487 /* SheepTests.swift in Sources */,
			);
			runOnlyForDeploymentPostprocessing = 0;
		};
		41B221C4295DB6B700B55487 /* Sources */ = {
			isa = PBXSourcesBuildPhase;
			buildActionMask = 2147483647;
			files = (
				41B221CF295DB6B700B55487 /* SheepUITestsLaunchTests.swift in Sources */,
				41B221CD295DB6B700B55487 /* SheepUITests.swift in Sources */,
			);
			runOnlyForDeploymentPostprocessing = 0;
		};
/* End PBXSourcesBuildPhase section */

/* Begin PBXTargetDependency section */
		41B221C0295DB6B700B55487 /* PBXTargetDependency */ = {
			isa = PBXTargetDependency;
			target = 41B221A7295DB6B400B55487 /* Sheep */;
			targetProxy = 41B221BF295DB6B700B55487 /* PBXContainerItemProxy */;
		};
		41B221CA295DB6B700B55487 /* PBXTargetDependency */ = {
			isa = PBXTargetDependency;
			target = 41B221A7295DB6B400B55487 /* Sheep */;
			targetProxy = 41B221C9295DB6B700B55487 /* PBXContainerItemProxy */;
		};
/* End PBXTargetDependency section */

/* Begin PBXVariantGroup section */
		418A0E81297588AE00F02A3A /* Localizable.strings */ = {
			isa = PBXVariantGroup;
			children = (
				418A0E80297588AE00F02A3A /* zh-Hans */,
				418A0E82297588B000F02A3A /* zh-Hant */,
				418A0E8329759E0A00F02A3A /* zh-HK */,
			);
			name = Localizable.strings;
			sourceTree = "<group>";
		};
/* End PBXVariantGroup section */

/* Begin XCBuildConfiguration section */
		41B221D0295DB6B700B55487 /* Debug */ = {
			isa = XCBuildConfiguration;
			buildSettings = {
				ALWAYS_SEARCH_USER_PATHS = NO;
				CLANG_ANALYZER_LOCALIZABILITY_NONLOCALIZED = YES;
				CLANG_ANALYZER_NONNULL = YES;
				CLANG_ANALYZER_NUMBER_OBJECT_CONVERSION = YES_AGGRESSIVE;
				CLANG_CXX_LANGUAGE_STANDARD = "gnu++20";
				CLANG_ENABLE_MODULES = YES;
				CLANG_ENABLE_OBJC_ARC = YES;
				CLANG_ENABLE_OBJC_WEAK = YES;
				CLANG_WARN_BLOCK_CAPTURE_AUTORELEASING = YES;
				CLANG_WARN_BOOL_CONVERSION = YES;
				CLANG_WARN_COMMA = YES;
				CLANG_WARN_CONSTANT_CONVERSION = YES;
				CLANG_WARN_DEPRECATED_OBJC_IMPLEMENTATIONS = YES;
				CLANG_WARN_DIRECT_OBJC_ISA_USAGE = YES_ERROR;
				CLANG_WARN_DOCUMENTATION_COMMENTS = YES;
				CLANG_WARN_EMPTY_BODY = YES;
				CLANG_WARN_ENUM_CONVERSION = YES;
				CLANG_WARN_INFINITE_RECURSION = YES;
				CLANG_WARN_INT_CONVERSION = YES;
				CLANG_WARN_NON_LITERAL_NULL_CONVERSION = YES;
				CLANG_WARN_OBJC_IMPLICIT_RETAIN_SELF = YES;
				CLANG_WARN_OBJC_LITERAL_CONVERSION = YES;
				CLANG_WARN_OBJC_ROOT_CLASS = YES_ERROR;
				CLANG_WARN_QUOTED_INCLUDE_IN_FRAMEWORK_HEADER = YES;
				CLANG_WARN_RANGE_LOOP_ANALYSIS = YES;
				CLANG_WARN_STRICT_PROTOTYPES = YES;
				CLANG_WARN_SUSPICIOUS_MOVE = YES;
				CLANG_WARN_UNGUARDED_AVAILABILITY = YES_AGGRESSIVE;
				CLANG_WARN_UNREACHABLE_CODE = YES;
				CLANG_WARN__DUPLICATE_METHOD_MATCH = YES;
				COPY_PHASE_STRIP = NO;
				DEBUG_INFORMATION_FORMAT = dwarf;
				ENABLE_STRICT_OBJC_MSGSEND = YES;
				ENABLE_TESTABILITY = YES;
				GCC_C_LANGUAGE_STANDARD = gnu11;
				GCC_DYNAMIC_NO_PIC = NO;
				GCC_NO_COMMON_BLOCKS = YES;
				GCC_OPTIMIZATION_LEVEL = 0;
				GCC_PREPROCESSOR_DEFINITIONS = (
					"DEBUG=1",
					"$(inherited)",
				);
				GCC_WARN_64_TO_32_BIT_CONVERSION = YES;
				GCC_WARN_ABOUT_RETURN_TYPE = YES_ERROR;
				GCC_WARN_UNDECLARED_SELECTOR = YES;
				GCC_WARN_UNINITIALIZED_AUTOS = YES_AGGRESSIVE;
				GCC_WARN_UNUSED_FUNCTION = YES;
				GCC_WARN_UNUSED_VARIABLE = YES;
				IPHONEOS_DEPLOYMENT_TARGET = 16.1;
				MTL_ENABLE_DEBUG_INFO = INCLUDE_SOURCE;
				MTL_FAST_MATH = YES;
				ONLY_ACTIVE_ARCH = YES;
				SDKROOT = iphoneos;
				SWIFT_ACTIVE_COMPILATION_CONDITIONS = DEBUG;
				SWIFT_OPTIMIZATION_LEVEL = "-Onone";
			};
			name = Debug;
		};
		41B221D1295DB6B700B55487 /* Release */ = {
			isa = XCBuildConfiguration;
			buildSettings = {
				ALWAYS_SEARCH_USER_PATHS = NO;
				CLANG_ANALYZER_LOCALIZABILITY_NONLOCALIZED = YES;
				CLANG_ANALYZER_NONNULL = YES;
				CLANG_ANALYZER_NUMBER_OBJECT_CONVERSION = YES_AGGRESSIVE;
				CLANG_CXX_LANGUAGE_STANDARD = "gnu++20";
				CLANG_ENABLE_MODULES = YES;
				CLANG_ENABLE_OBJC_ARC = YES;
				CLANG_ENABLE_OBJC_WEAK = YES;
				CLANG_WARN_BLOCK_CAPTURE_AUTORELEASING = YES;
				CLANG_WARN_BOOL_CONVERSION = YES;
				CLANG_WARN_COMMA = YES;
				CLANG_WARN_CONSTANT_CONVERSION = YES;
				CLANG_WARN_DEPRECATED_OBJC_IMPLEMENTATIONS = YES;
				CLANG_WARN_DIRECT_OBJC_ISA_USAGE = YES_ERROR;
				CLANG_WARN_DOCUMENTATION_COMMENTS = YES;
				CLANG_WARN_EMPTY_BODY = YES;
				CLANG_WARN_ENUM_CONVERSION = YES;
				CLANG_WARN_INFINITE_RECURSION = YES;
				CLANG_WARN_INT_CONVERSION = YES;
				CLANG_WARN_NON_LITERAL_NULL_CONVERSION = YES;
				CLANG_WARN_OBJC_IMPLICIT_RETAIN_SELF = YES;
				CLANG_WARN_OBJC_LITERAL_CONVERSION = YES;
				CLANG_WARN_OBJC_ROOT_CLASS = YES_ERROR;
				CLANG_WARN_QUOTED_INCLUDE_IN_FRAMEWORK_HEADER = YES;
				CLANG_WARN_RANGE_LOOP_ANALYSIS = YES;
				CLANG_WARN_STRICT_PROTOTYPES = YES;
				CLANG_WARN_SUSPICIOUS_MOVE = YES;
				CLANG_WARN_UNGUARDED_AVAILABILITY = YES_AGGRESSIVE;
				CLANG_WARN_UNREACHABLE_CODE = YES;
				CLANG_WARN__DUPLICATE_METHOD_MATCH = YES;
				COPY_PHASE_STRIP = NO;
				DEBUG_INFORMATION_FORMAT = "dwarf-with-dsym";
				ENABLE_NS_ASSERTIONS = NO;
				ENABLE_STRICT_OBJC_MSGSEND = YES;
				GCC_C_LANGUAGE_STANDARD = gnu11;
				GCC_NO_COMMON_BLOCKS = YES;
				GCC_WARN_64_TO_32_BIT_CONVERSION = YES;
				GCC_WARN_ABOUT_RETURN_TYPE = YES_ERROR;
				GCC_WARN_UNDECLARED_SELECTOR = YES;
				GCC_WARN_UNINITIALIZED_AUTOS = YES_AGGRESSIVE;
				GCC_WARN_UNUSED_FUNCTION = YES;
				GCC_WARN_UNUSED_VARIABLE = YES;
				IPHONEOS_DEPLOYMENT_TARGET = 16.1;
				MTL_ENABLE_DEBUG_INFO = NO;
				MTL_FAST_MATH = YES;
				SDKROOT = iphoneos;
				SWIFT_COMPILATION_MODE = wholemodule;
				SWIFT_OPTIMIZATION_LEVEL = "-O";
				VALIDATE_PRODUCT = YES;
			};
			name = Release;
		};
		41B221D3295DB6B700B55487 /* Debug */ = {
			isa = XCBuildConfiguration;
			baseConfigurationReference = B4F0F2F12CE42B23D3FA01FB /* Pods-Sheep.debug.xcconfig */;
			buildSettings = {
				ASSETCATALOG_COMPILER_APPICON_NAME = AppIcon;
				ASSETCATALOG_COMPILER_GLOBAL_ACCENT_COLOR_NAME = AccentColor;
				ASSETCATALOG_COMPILER_INCLUDE_ALL_APPICON_ASSETS = NO;
				CLANG_ENABLE_MODULES = YES;
				CODE_SIGN_ENTITLEMENTS = Sheep/Sheep.entitlements;
				CODE_SIGN_STYLE = Automatic;
				CURRENT_PROJECT_VERSION = 4;
				DEVELOPMENT_ASSET_PATHS = "\"Sheep/Preview Content\"";
				DEVELOPMENT_TEAM = HEUZ3URRQ5;
				ENABLE_PREVIEWS = YES;
				GENERATE_INFOPLIST_FILE = YES;
				INFOPLIST_FILE = Sheep/Info.plist;
				INFOPLIST_KEY_CFBundleDisplayName = "别羊";
				INFOPLIST_KEY_LSApplicationCategoryType = "public.app-category.lifestyle";
				INFOPLIST_KEY_NSPhotoLibraryAddUsageDescription = "需要授权相册权限才能保存图片至本地哦！";
				INFOPLIST_KEY_NSUserTrackingUsageDescription = "App内的Google广告服务会利用这些信息向您展示个性化广告。";
				INFOPLIST_KEY_UIApplicationSceneManifest_Generation = YES;
				INFOPLIST_KEY_UIApplicationSupportsIndirectInputEvents = YES;
				INFOPLIST_KEY_UILaunchStoryboardName = "Launch Screen.storyboard";
				INFOPLIST_KEY_UIRequiresFullScreen = YES;
				INFOPLIST_KEY_UISupportedInterfaceOrientations = UIInterfaceOrientationPortrait;
				IPHONEOS_DEPLOYMENT_TARGET = 15.0;
				LD_RUNPATH_SEARCH_PATHS = (
					"$(inherited)",
					"@executable_path/Frameworks",
				);
				MACOSX_DEPLOYMENT_TARGET = 11.0;
				MARKETING_VERSION = 1.0.1;
				PRODUCT_BUNDLE_IDENTIFIER = com.miuGrey.Sheep;
				PRODUCT_NAME = "$(TARGET_NAME)";
				SUPPORTED_PLATFORMS = "iphoneos iphonesimulator";
				SUPPORTS_MACCATALYST = NO;
				SUPPORTS_MAC_DESIGNED_FOR_IPHONE_IPAD = NO;
				SWIFT_EMIT_LOC_STRINGS = YES;
				SWIFT_OPTIMIZATION_LEVEL = "-Onone";
				SWIFT_VERSION = 5.0;
				TARGETED_DEVICE_FAMILY = "1,2,6";
			};
			name = Debug;
		};
		41B221D4295DB6B700B55487 /* Release */ = {
			isa = XCBuildConfiguration;
			baseConfigurationReference = 026B69C8C0C7E1348E31908D /* Pods-Sheep.release.xcconfig */;
			buildSettings = {
				ASSETCATALOG_COMPILER_APPICON_NAME = AppIcon;
				ASSETCATALOG_COMPILER_GLOBAL_ACCENT_COLOR_NAME = AccentColor;
				ASSETCATALOG_COMPILER_INCLUDE_ALL_APPICON_ASSETS = NO;
				CLANG_ENABLE_MODULES = YES;
				CODE_SIGN_ENTITLEMENTS = Sheep/Sheep.entitlements;
				CODE_SIGN_STYLE = Automatic;
				CURRENT_PROJECT_VERSION = 4;
				DEVELOPMENT_ASSET_PATHS = "\"Sheep/Preview Content\"";
				DEVELOPMENT_TEAM = HEUZ3URRQ5;
				ENABLE_PREVIEWS = YES;
				GENERATE_INFOPLIST_FILE = YES;
				INFOPLIST_FILE = Sheep/Info.plist;
				INFOPLIST_KEY_CFBundleDisplayName = "别羊";
				INFOPLIST_KEY_LSApplicationCategoryType = "public.app-category.lifestyle";
				INFOPLIST_KEY_NSPhotoLibraryAddUsageDescription = "需要授权相册权限才能保存图片至本地哦！";
				INFOPLIST_KEY_NSUserTrackingUsageDescription = "App内的Google广告服务会利用这些信息向您展示个性化广告。";
				INFOPLIST_KEY_UIApplicationSceneManifest_Generation = YES;
				INFOPLIST_KEY_UIApplicationSupportsIndirectInputEvents = YES;
				INFOPLIST_KEY_UILaunchStoryboardName = "Launch Screen.storyboard";
				INFOPLIST_KEY_UIRequiresFullScreen = YES;
				INFOPLIST_KEY_UISupportedInterfaceOrientations = UIInterfaceOrientationPortrait;
				IPHONEOS_DEPLOYMENT_TARGET = 15.0;
				LD_RUNPATH_SEARCH_PATHS = (
					"$(inherited)",
					"@executable_path/Frameworks",
				);
				MACOSX_DEPLOYMENT_TARGET = 11.0;
				MARKETING_VERSION = 1.0.1;
				PRODUCT_BUNDLE_IDENTIFIER = com.miuGrey.Sheep;
				PRODUCT_NAME = "$(TARGET_NAME)";
				SUPPORTED_PLATFORMS = "iphoneos iphonesimulator";
				SUPPORTS_MACCATALYST = NO;
				SUPPORTS_MAC_DESIGNED_FOR_IPHONE_IPAD = NO;
				SWIFT_EMIT_LOC_STRINGS = YES;
				SWIFT_VERSION = 5.0;
				TARGETED_DEVICE_FAMILY = "1,2,6";
			};
			name = Release;
		};
		41B221D6295DB6B700B55487 /* Debug */ = {
			isa = XCBuildConfiguration;
			buildSettings = {
				ALWAYS_EMBED_SWIFT_STANDARD_LIBRARIES = YES;
				BUNDLE_LOADER = "$(TEST_HOST)";
				CODE_SIGN_STYLE = Automatic;
				CURRENT_PROJECT_VERSION = 1;
				DEVELOPMENT_TEAM = HEUZ3URRQ5;
				GENERATE_INFOPLIST_FILE = YES;
				IPHONEOS_DEPLOYMENT_TARGET = 16.2;
				MARKETING_VERSION = 1.0;
				PRODUCT_BUNDLE_IDENTIFIER = com.miuGrey.SheepTests;
				PRODUCT_NAME = "$(TARGET_NAME)";
				SWIFT_EMIT_LOC_STRINGS = NO;
				SWIFT_VERSION = 5.0;
				TARGETED_DEVICE_FAMILY = "1,2";
				TEST_HOST = "$(BUILT_PRODUCTS_DIR)/Sheep.app/$(BUNDLE_EXECUTABLE_FOLDER_PATH)/Sheep";
			};
			name = Debug;
		};
		41B221D7295DB6B700B55487 /* Release */ = {
			isa = XCBuildConfiguration;
			buildSettings = {
				ALWAYS_EMBED_SWIFT_STANDARD_LIBRARIES = YES;
				BUNDLE_LOADER = "$(TEST_HOST)";
				CODE_SIGN_STYLE = Automatic;
				CURRENT_PROJECT_VERSION = 1;
				DEVELOPMENT_TEAM = HEUZ3URRQ5;
				GENERATE_INFOPLIST_FILE = YES;
				IPHONEOS_DEPLOYMENT_TARGET = 16.2;
				MARKETING_VERSION = 1.0;
				PRODUCT_BUNDLE_IDENTIFIER = com.miuGrey.SheepTests;
				PRODUCT_NAME = "$(TARGET_NAME)";
				SWIFT_EMIT_LOC_STRINGS = NO;
				SWIFT_VERSION = 5.0;
				TARGETED_DEVICE_FAMILY = "1,2";
				TEST_HOST = "$(BUILT_PRODUCTS_DIR)/Sheep.app/$(BUNDLE_EXECUTABLE_FOLDER_PATH)/Sheep";
			};
			name = Release;
		};
		41B221D9295DB6B700B55487 /* Debug */ = {
			isa = XCBuildConfiguration;
			buildSettings = {
				ALWAYS_EMBED_SWIFT_STANDARD_LIBRARIES = YES;
				CODE_SIGN_STYLE = Automatic;
				CURRENT_PROJECT_VERSION = 1;
				DEVELOPMENT_TEAM = HEUZ3URRQ5;
				GENERATE_INFOPLIST_FILE = YES;
				MARKETING_VERSION = 1.0;
				PRODUCT_BUNDLE_IDENTIFIER = com.miuGrey.SheepUITests;
				PRODUCT_NAME = "$(TARGET_NAME)";
				SWIFT_EMIT_LOC_STRINGS = NO;
				SWIFT_VERSION = 5.0;
				TARGETED_DEVICE_FAMILY = "1,2";
				TEST_TARGET_NAME = Sheep;
			};
			name = Debug;
		};
		41B221DA295DB6B700B55487 /* Release */ = {
			isa = XCBuildConfiguration;
			buildSettings = {
				ALWAYS_EMBED_SWIFT_STANDARD_LIBRARIES = YES;
				CODE_SIGN_STYLE = Automatic;
				CURRENT_PROJECT_VERSION = 1;
				DEVELOPMENT_TEAM = HEUZ3URRQ5;
				GENERATE_INFOPLIST_FILE = YES;
				MARKETING_VERSION = 1.0;
				PRODUCT_BUNDLE_IDENTIFIER = com.miuGrey.SheepUITests;
				PRODUCT_NAME = "$(TARGET_NAME)";
				SWIFT_EMIT_LOC_STRINGS = NO;
				SWIFT_VERSION = 5.0;
				TARGETED_DEVICE_FAMILY = "1,2";
				TEST_TARGET_NAME = Sheep;
			};
			name = Release;
		};
/* End XCBuildConfiguration section */

/* Begin XCConfigurationList section */
		41B221A3295DB6B400B55487 /* Build configuration list for PBXProject "Sheep" */ = {
			isa = XCConfigurationList;
			buildConfigurations = (
				41B221D0295DB6B700B55487 /* Debug */,
				41B221D1295DB6B700B55487 /* Release */,
			);
			defaultConfigurationIsVisible = 0;
			defaultConfigurationName = Release;
		};
		41B221D2295DB6B700B55487 /* Build configuration list for PBXNativeTarget "Sheep" */ = {
			isa = XCConfigurationList;
			buildConfigurations = (
				41B221D3295DB6B700B55487 /* Debug */,
				41B221D4295DB6B700B55487 /* Release */,
			);
			defaultConfigurationIsVisible = 0;
			defaultConfigurationName = Release;
		};
		41B221D5295DB6B700B55487 /* Build configuration list for PBXNativeTarget "SheepTests" */ = {
			isa = XCConfigurationList;
			buildConfigurations = (
				41B221D6295DB6B700B55487 /* Debug */,
				41B221D7295DB6B700B55487 /* Release */,
			);
			defaultConfigurationIsVisible = 0;
			defaultConfigurationName = Release;
		};
		41B221D8295DB6B700B55487 /* Build configuration list for PBXNativeTarget "SheepUITests" */ = {
			isa = XCConfigurationList;
			buildConfigurations = (
				41B221D9295DB6B700B55487 /* Debug */,
				41B221DA295DB6B700B55487 /* Release */,
			);
			defaultConfigurationIsVisible = 0;
			defaultConfigurationName = Release;
		};
/* End XCConfigurationList section */

/* Begin XCRemoteSwiftPackageReference section */
		4160E3AA29783E260000F4CA /* XCRemoteSwiftPackageReference "ActivityView" */ = {
			isa = XCRemoteSwiftPackageReference;
			repositoryURL = "https://github.com/SwiftUI-Plus/ActivityView.git";
			requirement = {
				kind = upToNextMajorVersion;
				minimumVersion = 1.0.0;
			};
		};
		41AE4A002975441E00A206C5 /* XCRemoteSwiftPackageReference "swiftui-wrapping-stack" */ = {
			isa = XCRemoteSwiftPackageReference;
			repositoryURL = "https://github.com/diniska/swiftui-wrapping-stack";
			requirement = {
				kind = upToNextMajorVersion;
				minimumVersion = 1.0.0;
			};
		};
		41BDFB562973130D00859643 /* XCRemoteSwiftPackageReference "ScreenshotableView" */ = {
			isa = XCRemoteSwiftPackageReference;
			repositoryURL = "https://github.com/rushairer/ScreenshotableView.git";
			requirement = {
				branch = master;
				kind = branch;
			};
		};
/* End XCRemoteSwiftPackageReference section */

/* Begin XCSwiftPackageProductDependency section */
		4160E3AB29783E260000F4CA /* ActivityView */ = {
			isa = XCSwiftPackageProductDependency;
			package = 4160E3AA29783E260000F4CA /* XCRemoteSwiftPackageReference "ActivityView" */;
			productName = ActivityView;
		};
		41AE4A012975441E00A206C5 /* WrappingStack */ = {
			isa = XCSwiftPackageProductDependency;
			package = 41AE4A002975441E00A206C5 /* XCRemoteSwiftPackageReference "swiftui-wrapping-stack" */;
			productName = WrappingStack;
		};
		41BDFB572973130D00859643 /* ScreenshotableView */ = {
			isa = XCSwiftPackageProductDependency;
			package = 41BDFB562973130D00859643 /* XCRemoteSwiftPackageReference "ScreenshotableView" */;
			productName = ScreenshotableView;
		};
/* End XCSwiftPackageProductDependency section */

/* Begin XCVersionGroup section */
		41B221B6295DB6B600B55487 /* Sheep.xcdatamodeld */ = {
			isa = XCVersionGroup;
			children = (
				41B221B7295DB6B600B55487 /* Sheep.xcdatamodel */,
			);
			currentVersion = 41B221B7295DB6B600B55487 /* Sheep.xcdatamodel */;
			path = Sheep.xcdatamodeld;
			sourceTree = "<group>";
			versionGroupType = wrapper.xcdatamodel;
		};
/* End XCVersionGroup section */
	};
	rootObject = 41B221A0295DB6B400B55487 /* Project object */;
}
